{
    "version": "0.5",
    "requires": [
        "zlib/1.3.1#b8bc2603263cf7eccbd6e17e66b0ed76%1741357340.88",
        "xtuml_transient/1.0@xtuml#09c6cd4d92448fed6f2789961fa772b1%1749224410.8209746",
        "xtuml_swa/1.0.1@xtuml#dd87246a033b5470d98855a09576e122%1749224404.9900553",
        "xtuml_sqlite/1.0.1@xtuml#3add9dc94f37fcdda31ccbce996246f7%1749224415.3190544",
        "xtuml_sql/1.0.1@xtuml#8a1ab8419ba406258df8bfae87422436%1749224412.8955758",
        "xtuml_metadata/1.0@xtuml#5711c1f4069f4381a5f3b9132dbf11e3%1749224418.4332926",
        "xtuml_logging/1.0.2@xtuml#9b73b7ce20a71ba79e0cf5db7c2100c4%1749224391.6741662",
        "xtuml_inspector_server/1.0.1@xtuml#006f489c41926ce9d55ae4b4d5842722%1749224420.6758964",
        "xtuml_idm/1.0.2@xtuml#1ec3dc7bd52d58436a5a3c92672b63d1%1749224434.0569587",
        "xtuml_asn1/1.0.1@xtuml#0b319c1d1c565b21e6e2e8813ec9b35d%1749224407.5495198",
        "sqlite3/3.49.1#8631739a4c9b93bd3d6b753bac548a63%1741357348.464",
        "openssl/3.4.1#f16a5eb84eb7e83d3de1cf6432afa69e%1741357344.228",
        "nlohmann_json/3.11.3#45828be26eb619a2e04ca517bb7b828d%1741357337.94",
        "masl_strings/1.2.1@xtuml#a92c64c136131f9472fae9b4fe9e01e5%1749224481.19195",
        "masl_logger/1.2.1@xtuml#032adcd12d04620ef00cb90ca2901e9e%1749224497.9401205",
        "masl_host/1.2.1@xtuml#68bb5b957d8f9edea4243c2bbe1a3090%1749224457.9743593",
        "masl_format/1.2.1@xtuml#4237a87a6598a24853d70fa6ada1a973%1749224465.6926088",
        "masl_filesystem/1.2.3@xtuml#9868a3bba0b1b297d7a90a17cc19f5c6%1749224461.397556",
        "masl_command_line/1.2.1@xtuml#984be67968699b20a7741248a2854d42%1749224450.4783537",
        "log4cplus/2.1.2#6f7c2db566d438e08222503fd050258c%1741357338.618",
        "libbacktrace/cci.20210118#ba84656d36d95b6498cf23b3ff309457%1738070785.028",
        "gtest/1.16.0#b79e331e44bc2ce4fca3cf59c56387b6%1741357344.905",
        "fmt/11.1.3#8364f0feb23ee32e4b870455edb552ae%1741357337.244",
        "bzip2/1.0.8#5e257e5c54c8bb208e12d1adec47063c%1738070776.973",
        "boost/1.87.0#1b8ba6a2b4a8084d7814ead3e931ae15%1741357340.039",
        "asio/1.32.0#5162a75b289fd36a1910431607fb6a31%1741357343.254"
    ],
    "build_requires": [
        "xtuml_masl_codegen/1.1.1@xtuml#49572e697e5a9d32ba50fb4f0e89c766%1749224441.99562",
        "b2/5.2.1#91bc73931a0acb655947a81569ed8b80%1738242984.485"
    ],
    "python_requires": [
        "xtuml_masl_conan/5.1.1@xtuml#518f29e00fa2e3502784d9266fcbc925%1749224441.174298"
    ],
    "config_requires": []
}